
Microsoft Visual Studio Solution File, Format Version 12.00
# Visual Studio 15
Project("{FAE04EC0-301F-11D3-BF4B-00C04F79EFBC}") = "Assembly-CSharp", "Assembly-CSharp.csproj", "{1D6744D7-3DD1-8EE5-C810-5A61E18DF547}"
EndProject
Project("{FAE04EC0-301F-11D3-BF4B-00C04F79EFBC}") = "Assembly-CSharp-firstpass", "Assembly-CSharp-firstpass.csproj", "{AB313099-A6B2-2F34-CCFC-8AA0728EC021}"
EndProject
Project("{FAE04EC0-301F-11D3-BF4B-00C04F79EFBC}") = "Assembly-CSharp-Editor-firstpass", "Assembly-CSharp-Editor-firstpass.csproj", "{C9A898F6-ECD5-FE86-40E7-548ED530B591}"
EndProject
Global
	GlobalSection(SolutionConfigurationPlatforms) = preSolution
		Debug|Any CPU = Debug|Any CPU
		Release|Any CPU = Release|Any CPU
	EndGlobalSection
	GlobalSection(ProjectConfigurationPlatforms) = postSolution
		{1D6744D7-3DD1-8EE5-C810-5A61E18DF547}.Debug|Any CPU.ActiveCfg = Debug|Any CPU
		{1D6744D7-3DD1-8EE5-C810-5A61E18DF547}.Debug|Any CPU.Build.0 = Debug|Any CPU
		{1D6744D7-3DD1-8EE5-C810-5A61E18DF547}.Release|Any CPU.ActiveCfg = Release|Any CPU
		{1D6744D7-3DD1-8EE5-C810-5A61E18DF547}.Release|Any CPU.Build.0 = Release|Any CPU
		{AB313099-A6B2-2F34-CCFC-8AA0728EC021}.Debug|Any CPU.ActiveCfg = Debug|Any CPU
		{AB313099-A6B2-2F34-CCFC-8AA0728EC021}.Debug|Any CPU.Build.0 = Debug|Any CPU
		{AB313099-A6B2-2F34-CCFC-8AA0728EC021}.Release|Any CPU.ActiveCfg = Release|Any CPU
		{AB313099-A6B2-2F34-CCFC-8AA0728EC021}.Release|Any CPU.Build.0 = Release|Any CPU
		{C9A898F6-ECD5-FE86-40E7-548ED530B591}.Debug|Any CPU.ActiveCfg = Debug|Any CPU
		{C9A898F6-ECD5-FE86-40E7-548ED530B591}.Debug|Any CPU.Build.0 = Debug|Any CPU
		{C9A898F6-ECD5-FE86-40E7-548ED530B591}.Release|Any CPU.ActiveCfg = Release|Any CPU
		{C9A898F6-ECD5-FE86-40E7-548ED530B591}.Release|Any CPU.Build.0 = Release|Any CPU
	EndGlobalSection
	GlobalSection(SolutionProperties) = preSolution
		HideSolutionNode = FALSE
	EndGlobalSection
EndGlobal
